<?xml version="1.0" encoding="utf-8"?>
<Project ToolsVersion="4.0" xmlns="http://schemas.microsoft.com/developer/msbuild/2003">
  <ItemGroup>
    <Filter Include="Исходные файлы">
      <UniqueIdentifier>{4FC737F1-C7A5-4376-A066-2A32D752A2FF}</UniqueIdentifier>
      <Extensions>cpp;c;cc;cxx;def;odl;idl;hpj;bat;asm;asmx</Extensions>
    </Filter>
    <Filter Include="Файлы заголовков">
      <UniqueIdentifier>{93995380-89BD-4b04-88EB-625FBE52EBFB}</UniqueIdentifier>
      <Extensions>h;hh;hpp;hxx;hm;inl;inc;ipp;xsd</Extensions>
    </Filter>
    <Filter Include="Файлы ресурсов">
      <UniqueIdentifier>{67DA6AB6-F800-4c08-8B7A-83BB121AAD01}</UniqueIdentifier>
      <Extensions>rc;ico;cur;bmp;dlg;rc2;rct;bin;rgs;gif;jpg;jpeg;jpe;resx;tiff;tif;png;wav;mfcribbon-ms</Extensions>
    </Filter>
    <Filter Include="Исходные файлы\des">
      <UniqueIdentifier>{1b79f295-378f-4b59-8506-d0f1add545c1}</UniqueIdentifier>
    </Filter>
  </ItemGroup>
  <ItemGroup>
    <ClCompile Include="ansix917.c">
      <Filter>Исходные файлы</Filter>
    </ClCompile>
    <ClCompile Include="Des.c">
      <Filter>Исходные файлы\des</Filter>
    </ClCompile>
    <ClCompile Include="BlockCipher.c">
      <Filter>Исходные файлы\des</Filter>
    </ClCompile>
    <ClCompile Include="BinStr.c">
      <Filter>Исходные файлы</Filter>
    </ClCompile>
  </ItemGroup>
  <ItemGroup>
    <ClInclude Include="BlockCipher.h">
      <Filter>Исходные файлы\des</Filter>
    </ClInclude>
    <ClInclude Include="BinStr.h">
      <Filter>Исходные файлы</Filter>
    </ClInclude>
    <ClInclude Include="DES.h">
      <Filter>Исходные файлы\des</Filter>
    </ClInclude>
    <ClInclude Include="Ansix917.h">
      <Filter>Исходные файлы</Filter>
    </ClInclude>
  </ItemGroup>
</Project>